
Microsoft Visual Studio Solution File, Format Version 12.00
# Visual Studio Version 16
VisualStudioVersion = 16.0.31321.278
MinimumVisualStudioVersion = 10.0.40219.1
Project("{FAE04EC0-301F-11D3-BF4B-00C04F79EFBC}") = "DirectMapper", "DirectMapper\DirectMapper.csproj", "{93EAB256-0EB8-4BB2-A574-CA99F965A257}"
EndProject
Project("{FAE04EC0-301F-11D3-BF4B-00C04F79EFBC}") = "DirectMapper.Test", "DirectMapper.Test\DirectMapper.Test.csproj", "{29BCC284-D705-487E-B686-61D40FDA2184}"
EndProject
Global
	GlobalSection(SolutionConfigurationPlatforms) = preSolution
		Debug|Any CPU = Debug|Any CPU
		Release|Any CPU = Release|Any CPU
	EndGlobalSection
	GlobalSection(ProjectConfigurationPlatforms) = postSolution
		{93EAB256-0EB8-4BB2-A574-CA99F965A257}.Debug|Any CPU.ActiveCfg = Debug|Any CPU
		{93EAB256-0EB8-4BB2-A574-CA99F965A257}.Debug|Any CPU.Build.0 = Debug|Any CPU
		{93EAB256-0EB8-4BB2-A574-CA99F965A257}.Release|Any CPU.ActiveCfg = Release|Any CPU
		{93EAB256-0EB8-4BB2-A574-CA99F965A257}.Release|Any CPU.Build.0 = Release|Any CPU
		{29BCC284-D705-487E-B686-61D40FDA2184}.Debug|Any CPU.ActiveCfg = Debug|Any CPU
		{29BCC284-D705-487E-B686-61D40FDA2184}.Debug|Any CPU.Build.0 = Debug|Any CPU
		{29BCC284-D705-487E-B686-61D40FDA2184}.Release|Any CPU.ActiveCfg = Release|Any CPU
		{29BCC284-D705-487E-B686-61D40FDA2184}.Release|Any CPU.Build.0 = Release|Any CPU
	EndGlobalSection
	GlobalSection(SolutionProperties) = preSolution
		HideSolutionNode = FALSE
	EndGlobalSection
	GlobalSection(ExtensibilityGlobals) = postSolution
		SolutionGuid = {A0C9B5C9-4641-4BB3-85B1-45C591AF44E6}
	EndGlobalSection
EndGlobal
